
Microsoft Visual Studio Solution File, Format Version 12.00
# Visual Studio Version 16
VisualStudioVersion = 16.0.29215.179
MinimumVisualStudioVersion = 10.0.40219.1
Project("{8BC9CEB8-8B4A-11D0-8D11-00A0C91BC942}") = "input_output", "input_output\input_output.vcxproj", "{70BA0C2A-E134-46B6-BF24-38F2A6BB0F88}"
EndProject
Global
	GlobalSection(SolutionConfigurationPlatforms) = preSolution
		Debug|x64 = Debug|x64
		Debug|x86 = Debug|x86
		Release|x64 = Release|x64
		Release|x86 = Release|x86
	EndGlobalSection
	GlobalSection(ProjectConfigurationPlatforms) = postSolution
		{70BA0C2A-E134-46B6-BF24-38F2A6BB0F88}.Debug|x64.ActiveCfg = Debug|x64
		{70BA0C2A-E134-46B6-BF24-38F2A6BB0F88}.Debug|x64.Build.0 = Debug|x64
		{70BA0C2A-E134-46B6-BF24-38F2A6BB0F88}.Debug|x86.ActiveCfg = Debug|Win32
		{70BA0C2A-E134-46B6-BF24-38F2A6BB0F88}.Debug|x86.Build.0 = Debug|Win32
		{70BA0C2A-E134-46B6-BF24-38F2A6BB0F88}.Release|x64.ActiveCfg = Release|x64
		{70BA0C2A-E134-46B6-BF24-38F2A6BB0F88}.Release|x64.Build.0 = Release|x64
		{70BA0C2A-E134-46B6-BF24-38F2A6BB0F88}.Release|x86.ActiveCfg = Release|Win32
		{70BA0C2A-E134-46B6-BF24-38F2A6BB0F88}.Release|x86.Build.0 = Release|Win32
	EndGlobalSection
	GlobalSection(SolutionProperties) = preSolution
		HideSolutionNode = FALSE
	EndGlobalSection
	GlobalSection(ExtensibilityGlobals) = postSolution
		SolutionGuid = {D546960F-5F60-4CED-B7B0-60EABEA3A6C6}
	EndGlobalSection
EndGlobal
